// !$*UTF8*$!
{
	archiveVersion = 1;
	classes = {
	};
	objectVersion = 50;
	objects = {

/* Begin PBXBuildFile section */
		68BD24DB26698BF3004F2171 /* Game.swift in Sources */ = {isa = PBXBuildFile; fileRef = 68BD24DA26698BF3004F2171 /* Game.swift */; };
		68BD24E3266993EF004F2171 /* Guess_My_NumberTests.swift in Sources */ = {isa = PBXBuildFile; fileRef = 68BD24E2266993EF004F2171 /* Guess_My_NumberTests.swift */; };
		68D64DD02666B259001079F9 /* Guess_My_NumberApp.swift in Sources */ = {isa = PBXBuildFile; fileRef = 68D64DCF2666B259001079F9 /* Guess_My_NumberApp.swift */; };
		68D64DD22666B259001079F9 /* ContentView.swift in Sources */ = {isa = PBXBuildFile; fileRef = 68D64DD12666B259001079F9 /* ContentView.swift */; };
		68D64DD42666B25C001079F9 /* Assets.xcassets in Resources */ = {isa = PBXBuildFile; fileRef = 68D64DD32666B25C001079F9 /* Assets.xcassets */; };
		68D64DD72666B25C001079F9 /* Preview Assets.xcassets in Resources */ = {isa = PBXBuildFile; fileRef = 68D64DD62666B25C001079F9 /* Preview Assets.xcassets */; };
/* End PBXBuildFile section */

/* Begin PBXContainerItemProxy section */
		68BD24E5266993EF004F2171 /* PBXContainerItemProxy */ = {
			isa = PBXContainerItemProxy;
			containerPortal = 68D64DC42666B259001079F9 /* Project object */;
			proxyType = 1;
			remoteGlobalIDString = 68D64DCB2666B259001079F9;
			remoteInfo = "Guess My Number";
		};
/* End PBXContainerItemProxy section */

/* Begin PBXFileReference section */
		68BD24DA26698BF3004F2171 /* Game.swift */ = {isa = PBXFileReference; lastKnownFileType = sourcecode.swift; path = Game.swift; sourceTree = "<group>"; };
		68BD24E0266993EE004F2171 /* Guess My NumberTests.xctest */ = {isa = PBXFileReference; explicitFileType = wrapper.cfbundle; includeInIndex = 0; path = "Guess My NumberTests.xctest"; sourceTree = BUILT_PRODUCTS_DIR; };
		68BD24E2266993EF004F2171 /* Guess_My_NumberTests.swift */ = {isa = PBXFileReference; lastKnownFileType = sourcecode.swift; path = Guess_My_NumberTests.swift; sourceTree = "<group>"; };
		68BD24E4266993EF004F2171 /* Info.plist */ = {isa = PBXFileReference; lastKnownFileType = text.plist.xml; path = Info.plist; sourceTree = "<group>"; };
		68D64DCC2666B259001079F9 /* Guess My Number.app */ = {isa = PBXFileReference; explicitFileType = wrapper.application; includeInIndex = 0; path = "Guess My Number.app"; sourceTree = BUILT_PRODUCTS_DIR; };
		68D64DCF2666B259001079F9 /* Guess_My_NumberApp.swift */ = {isa = PBXFileReference; lastKnownFileType = sourcecode.swift; path = Guess_My_NumberApp.swift; sourceTree = "<group>"; };
		68D64DD12666B259001079F9 /* ContentView.swift */ = {isa = PBXFileReference; lastKnownFileType = sourcecode.swift; path = ContentView.swift; sourceTree = "<group>"; };
		68D64DD32666B25C001079F9 /* Assets.xcassets */ = {isa = PBXFileReference; lastKnownFileType = folder.assetcatalog; path = Assets.xcassets; sourceTree = "<group>"; };
		68D64DD62666B25C001079F9 /* Preview Assets.xcassets */ = {isa = PBXFileReference; lastKnownFileType = folder.assetcatalog; path = "Preview Assets.xcassets"; sourceTree = "<group>"; };
		68D64DD82666B25C001079F9 /* Info.plist */ = {isa = PBXFileReference; lastKnownFileType = text.plist.xml; path = Info.plist; sourceTree = "<group>"; };
/* End PBXFileReference section */

/* Begin PBXFrameworksBuildPhase section */
		68BD24DD266993EE004F2171 /* Frameworks */ = {
			isa = PBXFrameworksBuildPhase;
			buildActionMask = 2147483647;
			files = (
			);
			runOnlyForDeploymentPostprocessing = 0;
		};
		68D64DC92666B259001079F9 /* Frameworks */ = {
			isa = PBXFrameworksBuildPhase;
			buildActionMask = 2147483647;
			files = (
			);
			runOnlyForDeploymentPostprocessing = 0;
		};
/* End PBXFrameworksBuildPhase section */

/* Begin PBXGroup section */
		68BD24D726698B12004F2171 /* Views */ = {
			isa = PBXGroup;
			children = (
				68D64DD12666B259001079F9 /* ContentView.swift */,
			);
			path = Views;
			sourceTree = "<group>";
		};
		68BD24D826698B49004F2171 /* Models */ = {
			isa = PBXGroup;
			children = (
				68BD24DA26698BF3004F2171 /* Game.swift */,
			);
			path = Models;
			sourceTree = "<group>";
		};
		68BD24D926698B53004F2171 /* App */ = {
			isa = PBXGroup;
			children = (
				68D64DCF2666B259001079F9 /* Guess_My_NumberApp.swift */,
				68D64DD82666B25C001079F9 /* Info.plist */,
			);
			path = App;
			sourceTree = "<group>";
		};
		68BD24E1266993EF004F2171 /* Guess My NumberTests */ = {
			isa = PBXGroup;
			children = (
				68BD24E2266993EF004F2171 /* Guess_My_NumberTests.swift */,
				68BD24E4266993EF004F2171 /* Info.plist */,
			);
			path = "Guess My NumberTests";
			sourceTree = "<group>";
		};
		68D64DC32666B259001079F9 = {
			isa = PBXGroup;
			children = (
				68D64DCE2666B259001079F9 /* Guess My Number */,
				68BD24E1266993EF004F2171 /* Guess My NumberTests */,
				68D64DCD2666B259001079F9 /* Products */,
			);
			sourceTree = "<group>";
		};
		68D64DCD2666B259001079F9 /* Products */ = {
			isa = PBXGroup;
			children = (
				68D64DCC2666B259001079F9 /* Guess My Number.app */,
				68BD24E0266993EE004F2171 /* Guess My NumberTests.xctest */,
			);
			name = Products;
			sourceTree = "<group>";
		};
		68D64DCE2666B259001079F9 /* Guess My Number */ = {
			isa = PBXGroup;
			children = (
				68BD24D926698B53004F2171 /* App */,
				68BD24D826698B49004F2171 /* Models */,
				68BD24D726698B12004F2171 /* Views */,
				68D64DD32666B25C001079F9 /* Assets.xcassets */,
				68D64DD52666B25C001079F9 /* Preview Content */,
			);
			path = "Guess My Number";
			sourceTree = "<group>";
		};
		68D64DD52666B25C001079F9 /* Preview Content */ = {
			isa = PBXGroup;
			children = (
				68D64DD62666B25C001079F9 /* Preview Assets.xcassets */,
			);
			path = "Preview Content";
			sourceTree = "<group>";
		};
/* End PBXGroup section */

/* Begin PBXNativeTarget section */
		68BD24DF266993EE004F2171 /* Guess My NumberTests */ = {
			isa = PBXNativeTarget;
			buildConfigurationList = 68BD24E7266993EF004F2171 /* Build configuration list for PBXNativeTarget "Guess My NumberTests" */;
			buildPhases = (
				68BD24DC266993EE004F2171 /* Sources */,
				68BD24DD266993EE004F2171 /* Frameworks */,
				68BD24DE266993EE004F2171 /* Resources */,
			);
			buildRules = (
			);
			dependencies = (
				68BD24E6266993EF004F2171 /* PBXTargetDependency */,
			);
			name = "Guess My NumberTests";
			productName = "Guess My NumberTests";
			productReference = 68BD24E0266993EE004F2171 /* Guess My NumberTests.xctest */;
			productType = "com.apple.product-type.bundle.unit-test";
		};
		68D64DCB2666B259001079F9 /* Guess My Number */ = {
			isa = PBXNativeTarget;
			buildConfigurationList = 68D64DDB2666B25C001079F9 /* Build configuration list for PBXNativeTarget "Guess My Number" */;
			buildPhases = (
				68D64DC82666B259001079F9 /* Sources */,
				68D64DC92666B259001079F9 /* Frameworks */,
				68D64DCA2666B259001079F9 /* Resources */,
			);
			buildRules = (
			);
			dependencies = (
			);
			name = "Guess My Number";
			productName = "Guess My Number";
			productReference = 68D64DCC2666B259001079F9 /* Guess My Number.app */;
			productType = "com.apple.product-type.application";
		};
/* End PBXNativeTarget section */

/* Begin PBXProject section */
		68D64DC42666B259001079F9 /* Project object */ = {
			isa = PBXProject;
			attributes = {
				LastSwiftUpdateCheck = 1250;
				LastUpgradeCheck = 1250;
				TargetAttributes = {
					68BD24DF266993EE004F2171 = {
						CreatedOnToolsVersion = 12.5;
						TestTargetID = 68D64DCB2666B259001079F9;
					};
					68D64DCB2666B259001079F9 = {
						CreatedOnToolsVersion = 12.5;
					};
				};
			};
			buildConfigurationList = 68D64DC72666B259001079F9 /* Build configuration list for PBXProject "Guess My Number" */;
			compatibilityVersion = "Xcode 9.3";
			developmentRegion = en;
			hasScannedForEncodings = 0;
			knownRegions = (
				en,
				Base,
			);
			mainGroup = 68D64DC32666B259001079F9;
			productRefGroup = 68D64DCD2666B259001079F9 /* Products */;
			projectDirPath = "";
			projectRoot = "";
			targets = (
				68D64DCB2666B259001079F9 /* Guess My Number */,
				68BD24DF266993EE004F2171 /* Guess My NumberTests */,
			);
		};
/* End PBXProject section */

/* Begin PBXResourcesBuildPhase section */
		68BD24DE266993EE004F2171 /* Resources */ = {
			isa = PBXResourcesBuildPhase;
			buildActionMask = 2147483647;
			files = (
			);
			runOnlyForDeploymentPostprocessing = 0;
		};
		68D64DCA2666B259001079F9 /* Resources */ = {
			isa = PBXResourcesBuildPhase;
			buildActionMask = 2147483647;
			files = (
				68D64DD72666B25C001079F9 /* Preview Assets.xcassets in Resources */,
				68D64DD42666B25C001079F9 /* Assets.xcassets in Resources */,
			);
			runOnlyForDeploymentPostprocessing = 0;
		};
/* End PBXResourcesBuildPhase section */

/* Begin PBXSourcesBuildPhase section */
		68BD24DC266993EE004F2171 /* Sources */ = {
			isa = PBXSourcesBuildPhase;
			buildActionMask = 2147483647;
			files = (
				68BD24E3266993EF004F2171 /* Guess_My_NumberTests.swift in Sources */,
			);
			runOnlyForDeploymentPostprocessing = 0;
		};
		68D64DC82666B259001079F9 /* Sources */ = {
			isa = PBXSourcesBuildPhase;
			buildActionMask = 2147483647;
			files = (
				68D64DD22666B259001079F9 /* ContentView.swift in Sources */,
				68BD24DB26698BF3004F2171 /* Game.swift in Sources */,
				68D64DD02666B259001079F9 /* Guess_My_NumberApp.swift in Sources */,
			);
			runOnlyForDeploymentPostprocessing = 0;
		};
/* End PBXSourcesBuildPhase section */

/* Begin PBXTargetDependency section */
		68BD24E6266993EF004F2171 /* PBXTargetDependency */ = {
			isa = PBXTargetDependency;
			target = 68D64DCB2666B259001079F9 /* Guess My Number */;
			targetProxy = 68BD24E5266993EF004F2171 /* PBXContainerItemProxy */;
		};
/* End PBXTargetDependency section */

/* Begin XCBuildConfiguration section */
		68BD24E8266993EF004F2171 /* Debug */ = {
			isa = XCBuildConfiguration;
			buildSettings = {
				BUNDLE_LOADER = "$(TEST_HOST)";
				CODE_SIGN_STYLE = Automatic;
				DEVELOPMENT_TEAM = 4U2DW67G88;
				INFOPLIST_FILE = "Guess My NumberTests/Info.plist";
				LD_RUNPATH_SEARCH_PATHS = (
					"$(inherited)",
					"@executable_path/Frameworks",
					"@loader_path/Frameworks",
				);
				PRODUCT_BUNDLE_IDENTIFIER = "com.bogdanov.guessnumber.Guess-My-NumberTests";
				PRODUCT_NAME = "$(TARGET_NAME)";
				SWIFT_VERSION = 5.0;
				TARGETED_DEVICE_FAMILY = "1,2";
				TEST_HOST = "$(BUILT_PRODUCTS_DIR)/Guess My Number.app/Guess My Number";
			};
			name = Debug;
		};
		68BD24E9266993EF004F2171 /* Release */ = {
			isa = XCBuildConfiguration;
			buildSettings = {
				BUNDLE_LOADER = "$(TEST_HOST)";
				CODE_SIGN_STYLE = Automatic;
				DEVELOPMENT_TEAM = 4U2DW67G88;
				INFOPLIST_FILE = "Guess My NumberTests/Info.plist";
				LD_RUNPATH_SEARCH_PATHS = (
					"$(inherited)",
					"@executable_path/Frameworks",
					"@loader_path/Frameworks",
				);
				PRODUCT_BUNDLE_IDENTIFIER = "com.bogdanov.guessnumber.Guess-My-NumberTests";
				PRODUCT_NAME = "$(TARGET_NAME)";
				SWIFT_VERSION = 5.0;
				TARGETED_DEVICE_FAMILY = "1,2";
				TEST_HOST = "$(BUILT_PRODUCTS_DIR)/Guess My Number.app/Guess My Number";
			};
			name = Release;
		};
		68D64DD92666B25C001079F9 /* Debug */ = {
			isa = XCBuildConfiguration;
			buildSettings = {
				ALWAYS_SEARCH_USER_PATHS = NO;
				CLANG_ANALYZER_NONNULL = YES;
				CLANG_ANALYZER_NUMBER_OBJECT_CONVERSION = YES_AGGRESSIVE;
				CLANG_CXX_LANGUAGE_STANDARD = "gnu++14";
				CLANG_CXX_LIBRARY = "libc++";
				CLANG_ENABLE_MODULES = YES;
				CLANG_ENABLE_OBJC_ARC = YES;
				CLANG_ENABLE_OBJC_WEAK = YES;
				CLANG_WARN_BLOCK_CAPTURE_AUTORELEASING = YES;
				CLANG_WARN_BOOL_CONVERSION = YES;
				CLANG_WARN_COMMA = YES;
				CLANG_WARN_CONSTANT_CONVERSION = YES;
				CLANG_WARN_DEPRECATED_OBJC_IMPLEMENTATIONS = YES;
				CLANG_WARN_DIRECT_OBJC_ISA_USAGE = YES_ERROR;
				CLANG_WARN_DOCUMENTATION_COMMENTS = YES;
				CLANG_WARN_EMPTY_BODY = YES;
				CLANG_WARN_ENUM_CONVERSION = YES;
				CLANG_WARN_INFINITE_RECURSION = YES;
				CLANG_WARN_INT_CONVERSION = YES;
				CLANG_WARN_NON_LITERAL_NULL_CONVERSION = YES;
				CLANG_WARN_OBJC_IMPLICIT_RETAIN_SELF = YES;
				CLANG_WARN_OBJC_LITERAL_CONVERSION = YES;
				CLANG_WARN_OBJC_ROOT_CLASS = YES_ERROR;
				CLANG_WARN_QUOTED_INCLUDE_IN_FRAMEWORK_HEADER = YES;
				CLANG_WARN_RANGE_LOOP_ANALYSIS = YES;
				CLANG_WARN_STRICT_PROTOTYPES = YES;
				CLANG_WARN_SUSPICIOUS_MOVE = YES;
				CLANG_WARN_UNGUARDED_AVAILABILITY = YES_AGGRESSIVE;
				CLANG_WARN_UNREACHABLE_CODE = YES;
				CLANG_WARN__DUPLICATE_METHOD_MATCH = YES;
				COPY_PHASE_STRIP = NO;
				DEBUG_INFORMATION_FORMAT = dwarf;
				ENABLE_STRICT_OBJC_MSGSEND = YES;
				ENABLE_TESTABILITY = YES;
				GCC_C_LANGUAGE_STANDARD = gnu11;
				GCC_DYNAMIC_NO_PIC = NO;
				GCC_NO_COMMON_BLOCKS = YES;
				GCC_OPTIMIZATION_LEVEL = 0;
				GCC_PREPROCESSOR_DEFINITIONS = (
					"DEBUG=1",
					"$(inherited)",
				);
				GCC_WARN_64_TO_32_BIT_CONVERSION = YES;
				GCC_WARN_ABOUT_RETURN_TYPE = YES_ERROR;
				GCC_WARN_UNDECLARED_SELECTOR = YES;
				GCC_WARN_UNINITIALIZED_AUTOS = YES_AGGRESSIVE;
				GCC_WARN_UNUSED_FUNCTION = YES;
				GCC_WARN_UNUSED_VARIABLE = YES;
				IPHONEOS_DEPLOYMENT_TARGET = 14.5;
				MTL_ENABLE_DEBUG_INFO = INCLUDE_SOURCE;
				MTL_FAST_MATH = YES;
				ONLY_ACTIVE_ARCH = YES;
				SDKROOT = iphoneos;
				SWIFT_ACTIVE_COMPILATION_CONDITIONS = DEBUG;
				SWIFT_OPTIMIZATION_LEVEL = "-Onone";
			};
			name = Debug;
		};
		68D64DDA2666B25C001079F9 /* Release */ = {
			isa = XCBuildConfiguration;
			buildSettings = {
				ALWAYS_SEARCH_USER_PATHS = NO;
				CLANG_ANALYZER_NONNULL = YES;
				CLANG_ANALYZER_NUMBER_OBJECT_CONVERSION = YES_AGGRESSIVE;
				CLANG_CXX_LANGUAGE_STANDARD = "gnu++14";
				CLANG_CXX_LIBRARY = "libc++";
				CLANG_ENABLE_MODULES = YES;
				CLANG_ENABLE_OBJC_ARC = YES;
				CLANG_ENABLE_OBJC_WEAK = YES;
				CLANG_WARN_BLOCK_CAPTURE_AUTORELEASING = YES;
				CLANG_WARN_BOOL_CONVERSION = YES;
				CLANG_WARN_COMMA = YES;
				CLANG_WARN_CONSTANT_CONVERSION = YES;
				CLANG_WARN_DEPRECATED_OBJC_IMPLEMENTATIONS = YES;
				CLANG_WARN_DIRECT_OBJC_ISA_USAGE = YES_ERROR;
				CLANG_WARN_DOCUMENTATION_COMMENTS = YES;
				CLANG_WARN_EMPTY_BODY = YES;
				CLANG_WARN_ENUM_CONVERSION = YES;
				CLANG_WARN_INFINITE_RECURSION = YES;
				CLANG_WARN_INT_CONVERSION = YES;
				CLANG_WARN_NON_LITERAL_NULL_CONVERSION = YES;
				CLANG_WARN_OBJC_IMPLICIT_RETAIN_SELF = YES;
				CLANG_WARN_OBJC_LITERAL_CONVERSION = YES;
				CLANG_WARN_OBJC_ROOT_CLASS = YES_ERROR;
				CLANG_WARN_QUOTED_INCLUDE_IN_FRAMEWORK_HEADER = YES;
				CLANG_WARN_RANGE_LOOP_ANALYSIS = YES;
				CLANG_WARN_STRICT_PROTOTYPES = YES;
				CLANG_WARN_SUSPICIOUS_MOVE = YES;
				CLANG_WARN_UNGUARDED_AVAILABILITY = YES_AGGRESSIVE;
				CLANG_WARN_UNREACHABLE_CODE = YES;
				CLANG_WARN__DUPLICATE_METHOD_MATCH = YES;
				COPY_PHASE_STRIP = NO;
				DEBUG_INFORMATION_FORMAT = "dwarf-with-dsym";
				ENABLE_NS_ASSERTIONS = NO;
				ENABLE_STRICT_OBJC_MSGSEND = YES;
				GCC_C_LANGUAGE_STANDARD = gnu11;
				GCC_NO_COMMON_BLOCKS = YES;
				GCC_WARN_64_TO_32_BIT_CONVERSION = YES;
				GCC_WARN_ABOUT_RETURN_TYPE = YES_ERROR;
				GCC_WARN_UNDECLARED_SELECTOR = YES;
				GCC_WARN_UNINITIALIZED_AUTOS = YES_AGGRESSIVE;
				GCC_WARN_UNUSED_FUNCTION = YES;
				GCC_WARN_UNUSED_VARIABLE = YES;
				IPHONEOS_DEPLOYMENT_TARGET = 14.5;
				MTL_ENABLE_DEBUG_INFO = NO;
				MTL_FAST_MATH = YES;
				SDKROOT = iphoneos;
				SWIFT_COMPILATION_MODE = wholemodule;
				SWIFT_OPTIMIZATION_LEVEL = "-O";
				VALIDATE_PRODUCT = YES;
			};
			name = Release;
		};
		68D64DDC2666B25C001079F9 /* Debug */ = {
			isa = XCBuildConfiguration;
			buildSettings = {
				ASSETCATALOG_COMPILER_APPICON_NAME = AppIcon;
				ASSETCATALOG_COMPILER_GLOBAL_ACCENT_COLOR_NAME = AccentColor;
				CODE_SIGN_STYLE = Automatic;
				DEVELOPMENT_ASSET_PATHS = "\"Guess My Number/Preview Content\"";
				DEVELOPMENT_TEAM = 4U2DW67G88;
				ENABLE_PREVIEWS = YES;
				INFOPLIST_FILE = "Guess My Number/App/Info.plist";
				IPHONEOS_DEPLOYMENT_TARGET = 14.0;
				LD_RUNPATH_SEARCH_PATHS = (
					"$(inherited)",
					"@executable_path/Frameworks",
				);
				PRODUCT_BUNDLE_IDENTIFIER = "com.bogdanov.guessnumber.Guess-My-Number";
				PRODUCT_NAME = "$(TARGET_NAME)";
				SWIFT_VERSION = 5.0;
				TARGETED_DEVICE_FAMILY = "1,2";
			};
			name = Debug;
		};
		68D64DDD2666B25C001079F9 /* Release */ = {
			isa = XCBuildConfiguration;
			buildSettings = {
				ASSETCATALOG_COMPILER_APPICON_NAME = AppIcon;
				ASSETCATALOG_COMPILER_GLOBAL_ACCENT_COLOR_NAME = AccentColor;
				CODE_SIGN_STYLE = Automatic;
				DEVELOPMENT_ASSET_PATHS = "\"Guess My Number/Preview Content\"";
				DEVELOPMENT_TEAM = 4U2DW67G88;
				ENABLE_PREVIEWS = YES;
				INFOPLIST_FILE = "Guess My Number/App/Info.plist";
				IPHONEOS_DEPLOYMENT_TARGET = 14.0;
				LD_RUNPATH_SEARCH_PATHS = (
					"$(inherited)",
					"@executable_path/Frameworks",
				);
				PRODUCT_BUNDLE_IDENTIFIER = "com.bogdanov.guessnumber.Guess-My-Number";
				PRODUCT_NAME = "$(TARGET_NAME)";
				SWIFT_VERSION = 5.0;
				TARGETED_DEVICE_FAMILY = "1,2";
			};
			name = Release;
		};
/* End XCBuildConfiguration section */

/* Begin XCConfigurationList section */
		68BD24E7266993EF004F2171 /* Build configuration list for PBXNativeTarget "Guess My NumberTests" */ = {
			isa = XCConfigurationList;
			buildConfigurations = (
				68BD24E8266993EF004F2171 /* Debug */,
				68BD24E9266993EF004F2171 /* Release */,
			);
			defaultConfigurationIsVisible = 0;
			defaultConfigurationName = Release;
		};
		68D64DC72666B259001079F9 /* Build configuration list for PBXProject "Guess My Number" */ = {
			isa = XCConfigurationList;
			buildConfigurations = (
				68D64DD92666B25C001079F9 /* Debug */,
				68D64DDA2666B25C001079F9 /* Release */,
			);
			defaultConfigurationIsVisible = 0;
			defaultConfigurationName = Release;
		};
		68D64DDB2666B25C001079F9 /* Build configuration list for PBXNativeTarget "Guess My Number" */ = {
			isa = XCConfigurationList;
			buildConfigurations = (
				68D64DDC2666B25C001079F9 /* Debug */,
				68D64DDD2666B25C001079F9 /* Release */,
			);
			defaultConfigurationIsVisible = 0;
			defaultConfigurationName = Release;
		};
/* End XCConfigurationList section */
	};
	rootObject = 68D64DC42666B259001079F9 /* Project object */;
}
