// !$*UTF8*$!
{
	archiveVersion = 1;
	classes = {
	};
	objectVersion = 50;
	objects = {

/* Begin PBXBuildFile section */
		68152447266D3484009608E1 /* GuessMyNumberTests.swift in Sources */ = {isa = PBXBuildFile; fileRef = 68152446266D3484009608E1 /* GuessMyNumberTests.swift */; };
		68BD24DB26698BF3004F2171 /* Game.swift in Sources */ = {isa = PBXBuildFile; fileRef = 68BD24DA26698BF3004F2171 /* Game.swift */; };
		68D64DD02666B259001079F9 /* GuessMyNumberApp.swift in Sources */ = {isa = PBXBuildFile; fileRef = 68D64DCF2666B259001079F9 /* GuessMyNumberApp.swift */; };
		68D64DD22666B259001079F9 /* ContentView.swift in Sources */ = {isa = PBXBuildFile; fileRef = 68D64DD12666B259001079F9 /* ContentView.swift */; };
		68D64DD42666B25C001079F9 /* Assets.xcassets in Resources */ = {isa = PBXBuildFile; fileRef = 68D64DD32666B25C001079F9 /* Assets.xcassets */; };
		68D64DD72666B25C001079F9 /* Preview Assets.xcassets in Resources */ = {isa = PBXBuildFile; fileRef = 68D64DD62666B25C001079F9 /* Preview Assets.xcassets */; };
/* End PBXBuildFile section */

/* Begin PBXContainerItemProxy section */
		68152449266D3484009608E1 /* PBXContainerItemProxy */ = {
			isa = PBXContainerItemProxy;
			containerPortal = 68D64DC42666B259001079F9 /* Project object */;
			proxyType = 1;
			remoteGlobalIDString = 68D64DCB2666B259001079F9;
			remoteInfo = GuessMyNumber;
		};
/* End PBXContainerItemProxy section */

/* Begin PBXFileReference section */
		68152444266D3484009608E1 /* GuessMyNumberTests.xctest */ = {isa = PBXFileReference; explicitFileType = wrapper.cfbundle; includeInIndex = 0; path = GuessMyNumberTests.xctest; sourceTree = BUILT_PRODUCTS_DIR; };
		68152446266D3484009608E1 /* GuessMyNumberTests.swift */ = {isa = PBXFileReference; lastKnownFileType = sourcecode.swift; path = GuessMyNumberTests.swift; sourceTree = "<group>"; };
		68152448266D3484009608E1 /* Info.plist */ = {isa = PBXFileReference; lastKnownFileType = text.plist.xml; path = Info.plist; sourceTree = "<group>"; };
		68BD24DA26698BF3004F2171 /* Game.swift */ = {isa = PBXFileReference; lastKnownFileType = sourcecode.swift; path = Game.swift; sourceTree = "<group>"; };
		68D64DCC2666B259001079F9 /* GuessMyNumber.app */ = {isa = PBXFileReference; explicitFileType = wrapper.application; includeInIndex = 0; path = GuessMyNumber.app; sourceTree = BUILT_PRODUCTS_DIR; };
		68D64DCF2666B259001079F9 /* GuessMyNumberApp.swift */ = {isa = PBXFileReference; lastKnownFileType = sourcecode.swift; path = GuessMyNumberApp.swift; sourceTree = "<group>"; };
		68D64DD12666B259001079F9 /* ContentView.swift */ = {isa = PBXFileReference; lastKnownFileType = sourcecode.swift; path = ContentView.swift; sourceTree = "<group>"; };
		68D64DD32666B25C001079F9 /* Assets.xcassets */ = {isa = PBXFileReference; lastKnownFileType = folder.assetcatalog; path = Assets.xcassets; sourceTree = "<group>"; };
		68D64DD62666B25C001079F9 /* Preview Assets.xcassets */ = {isa = PBXFileReference; lastKnownFileType = folder.assetcatalog; path = "Preview Assets.xcassets"; sourceTree = "<group>"; };
		68D64DD82666B25C001079F9 /* Info.plist */ = {isa = PBXFileReference; lastKnownFileType = text.plist.xml; path = Info.plist; sourceTree = "<group>"; };
/* End PBXFileReference section */

/* Begin PBXFrameworksBuildPhase section */
		68152441266D3484009608E1 /* Frameworks */ = {
			isa = PBXFrameworksBuildPhase;
			buildActionMask = 2147483647;
			files = (
			);
			runOnlyForDeploymentPostprocessing = 0;
		};
		68D64DC92666B259001079F9 /* Frameworks */ = {
			isa = PBXFrameworksBuildPhase;
			buildActionMask = 2147483647;
			files = (
			);
			runOnlyForDeploymentPostprocessing = 0;
		};
/* End PBXFrameworksBuildPhase section */

/* Begin PBXGroup section */
		68152445266D3484009608E1 /* GuessMyNumberTests */ = {
			isa = PBXGroup;
			children = (
				68152446266D3484009608E1 /* GuessMyNumberTests.swift */,
				68152448266D3484009608E1 /* Info.plist */,
			);
			path = GuessMyNumberTests;
			sourceTree = "<group>";
		};
		68BD24D726698B12004F2171 /* Views */ = {
			isa = PBXGroup;
			children = (
				68D64DD12666B259001079F9 /* ContentView.swift */,
			);
			path = Views;
			sourceTree = "<group>";
		};
		68BD24D826698B49004F2171 /* Models */ = {
			isa = PBXGroup;
			children = (
				68BD24DA26698BF3004F2171 /* Game.swift */,
			);
			path = Models;
			sourceTree = "<group>";
		};
		68BD24D926698B53004F2171 /* App */ = {
			isa = PBXGroup;
			children = (
				68D64DCF2666B259001079F9 /* GuessMyNumberApp.swift */,
				68D64DD82666B25C001079F9 /* Info.plist */,
			);
			path = App;
			sourceTree = "<group>";
		};
		68D64DC32666B259001079F9 = {
			isa = PBXGroup;
			children = (
				68D64DCE2666B259001079F9 /* GuessMyNumber */,
				68152445266D3484009608E1 /* GuessMyNumberTests */,
				68D64DCD2666B259001079F9 /* Products */,
			);
			sourceTree = "<group>";
		};
		68D64DCD2666B259001079F9 /* Products */ = {
			isa = PBXGroup;
			children = (
				68D64DCC2666B259001079F9 /* GuessMyNumber.app */,
				68152444266D3484009608E1 /* GuessMyNumberTests.xctest */,
			);
			name = Products;
			sourceTree = "<group>";
		};
		68D64DCE2666B259001079F9 /* GuessMyNumber */ = {
			isa = PBXGroup;
			children = (
				68BD24D926698B53004F2171 /* App */,
				68BD24D826698B49004F2171 /* Models */,
				68BD24D726698B12004F2171 /* Views */,
				68D64DD32666B25C001079F9 /* Assets.xcassets */,
				68D64DD52666B25C001079F9 /* Preview Content */,
			);
			path = GuessMyNumber;
			sourceTree = "<group>";
		};
		68D64DD52666B25C001079F9 /* Preview Content */ = {
			isa = PBXGroup;
			children = (
				68D64DD62666B25C001079F9 /* Preview Assets.xcassets */,
			);
			path = "Preview Content";
			sourceTree = "<group>";
		};
/* End PBXGroup section */

/* Begin PBXNativeTarget section */
		68152443266D3484009608E1 /* GuessMyNumberTests */ = {
			isa = PBXNativeTarget;
			buildConfigurationList = 6815244B266D3484009608E1 /* Build configuration list for PBXNativeTarget "GuessMyNumberTests" */;
			buildPhases = (
				68152440266D3484009608E1 /* Sources */,
				68152441266D3484009608E1 /* Frameworks */,
				68152442266D3484009608E1 /* Resources */,
			);
			buildRules = (
			);
			dependencies = (
				6815244A266D3484009608E1 /* PBXTargetDependency */,
			);
			name = GuessMyNumberTests;
			productName = GuessMyNumberTests;
			productReference = 68152444266D3484009608E1 /* GuessMyNumberTests.xctest */;
			productType = "com.apple.product-type.bundle.unit-test";
		};
		68D64DCB2666B259001079F9 /* GuessMyNumber */ = {
			isa = PBXNativeTarget;
			buildConfigurationList = 68D64DDB2666B25C001079F9 /* Build configuration list for PBXNativeTarget "GuessMyNumber" */;
			buildPhases = (
				68D64DC82666B259001079F9 /* Sources */,
				68D64DC92666B259001079F9 /* Frameworks */,
				68D64DCA2666B259001079F9 /* Resources */,
			);
			buildRules = (
			);
			dependencies = (
			);
			name = GuessMyNumber;
			productName = "Guess My Number";
			productReference = 68D64DCC2666B259001079F9 /* GuessMyNumber.app */;
			productType = "com.apple.product-type.application";
		};
/* End PBXNativeTarget section */

/* Begin PBXProject section */
		68D64DC42666B259001079F9 /* Project object */ = {
			isa = PBXProject;
			attributes = {
				LastSwiftUpdateCheck = 1250;
				LastUpgradeCheck = 1250;
				TargetAttributes = {
					68152443266D3484009608E1 = {
						CreatedOnToolsVersion = 12.5;
						TestTargetID = 68D64DCB2666B259001079F9;
					};
					68D64DCB2666B259001079F9 = {
						CreatedOnToolsVersion = 12.5;
					};
				};
			};
			buildConfigurationList = 68D64DC72666B259001079F9 /* Build configuration list for PBXProject "GuessMyNumber" */;
			compatibilityVersion = "Xcode 9.3";
			developmentRegion = en;
			hasScannedForEncodings = 0;
			knownRegions = (
				en,
				Base,
			);
			mainGroup = 68D64DC32666B259001079F9;
			productRefGroup = 68D64DCD2666B259001079F9 /* Products */;
			projectDirPath = "";
			projectRoot = "";
			targets = (
				68D64DCB2666B259001079F9 /* GuessMyNumber */,
				68152443266D3484009608E1 /* GuessMyNumberTests */,
			);
		};
/* End PBXProject section */

/* Begin PBXResourcesBuildPhase section */
		68152442266D3484009608E1 /* Resources */ = {
			isa = PBXResourcesBuildPhase;
			buildActionMask = 2147483647;
			files = (
			);
			runOnlyForDeploymentPostprocessing = 0;
		};
		68D64DCA2666B259001079F9 /* Resources */ = {
			isa = PBXResourcesBuildPhase;
			buildActionMask = 2147483647;
			files = (
				68D64DD72666B25C001079F9 /* Preview Assets.xcassets in Resources */,
				68D64DD42666B25C001079F9 /* Assets.xcassets in Resources */,
			);
			runOnlyForDeploymentPostprocessing = 0;
		};
/* End PBXResourcesBuildPhase section */

/* Begin PBXSourcesBuildPhase section */
		68152440266D3484009608E1 /* Sources */ = {
			isa = PBXSourcesBuildPhase;
			buildActionMask = 2147483647;
			files = (
				68152447266D3484009608E1 /* GuessMyNumberTests.swift in Sources */,
			);
			runOnlyForDeploymentPostprocessing = 0;
		};
		68D64DC82666B259001079F9 /* Sources */ = {
			isa = PBXSourcesBuildPhase;
			buildActionMask = 2147483647;
			files = (
				68D64DD22666B259001079F9 /* ContentView.swift in Sources */,
				68BD24DB26698BF3004F2171 /* Game.swift in Sources */,
				68D64DD02666B259001079F9 /* GuessMyNumberApp.swift in Sources */,
			);
			runOnlyForDeploymentPostprocessing = 0;
		};
/* End PBXSourcesBuildPhase section */

/* Begin PBXTargetDependency section */
		6815244A266D3484009608E1 /* PBXTargetDependency */ = {
			isa = PBXTargetDependency;
			target = 68D64DCB2666B259001079F9 /* GuessMyNumber */;
			targetProxy = 68152449266D3484009608E1 /* PBXContainerItemProxy */;
		};
/* End PBXTargetDependency section */

/* Begin XCBuildConfiguration section */
		6815244C266D3484009608E1 /* Debug */ = {
			isa = XCBuildConfiguration;
			buildSettings = {
				BUNDLE_LOADER = "$(TEST_HOST)";
				CODE_SIGN_STYLE = Automatic;
				DEVELOPMENT_TEAM = 4U2DW67G88;
				INFOPLIST_FILE = GuessMyNumberTests/Info.plist;
				LD_RUNPATH_SEARCH_PATHS = (
					"$(inherited)",
					"@executable_path/Frameworks",
					"@loader_path/Frameworks",
				);
				PRODUCT_BUNDLE_IDENTIFIER = com.bogdanov.guessnumber.GuessMyNumberTests;
				PRODUCT_NAME = "$(TARGET_NAME)";
				SWIFT_VERSION = 5.0;
				TARGETED_DEVICE_FAMILY = "1,2";
				TEST_HOST = "$(BUILT_PRODUCTS_DIR)/GuessMyNumber.app/GuessMyNumber";
			};
			name = Debug;
		};
		6815244D266D3484009608E1 /* Release */ = {
			isa = XCBuildConfiguration;
			buildSettings = {
				BUNDLE_LOADER = "$(TEST_HOST)";
				CODE_SIGN_STYLE = Automatic;
				DEVELOPMENT_TEAM = 4U2DW67G88;
				INFOPLIST_FILE = GuessMyNumberTests/Info.plist;
				LD_RUNPATH_SEARCH_PATHS = (
					"$(inherited)",
					"@executable_path/Frameworks",
					"@loader_path/Frameworks",
				);
				PRODUCT_BUNDLE_IDENTIFIER = com.bogdanov.guessnumber.GuessMyNumberTests;
				PRODUCT_NAME = "$(TARGET_NAME)";
				SWIFT_VERSION = 5.0;
				TARGETED_DEVICE_FAMILY = "1,2";
				TEST_HOST = "$(BUILT_PRODUCTS_DIR)/GuessMyNumber.app/GuessMyNumber";
			};
			name = Release;
		};
		68D64DD92666B25C001079F9 /* Debug */ = {
			isa = XCBuildConfiguration;
			buildSettings = {
				ALWAYS_SEARCH_USER_PATHS = NO;
				CLANG_ANALYZER_NONNULL = YES;
				CLANG_ANALYZER_NUMBER_OBJECT_CONVERSION = YES_AGGRESSIVE;
				CLANG_CXX_LANGUAGE_STANDARD = "gnu++14";
				CLANG_CXX_LIBRARY = "libc++";
				CLANG_ENABLE_MODULES = YES;
				CLANG_ENABLE_OBJC_ARC = YES;
				CLANG_ENABLE_OBJC_WEAK = YES;
				CLANG_WARN_BLOCK_CAPTURE_AUTORELEASING = YES;
				CLANG_WARN_BOOL_CONVERSION = YES;
				CLANG_WARN_COMMA = YES;
				CLANG_WARN_CONSTANT_CONVERSION = YES;
				CLANG_WARN_DEPRECATED_OBJC_IMPLEMENTATIONS = YES;
				CLANG_WARN_DIRECT_OBJC_ISA_USAGE = YES_ERROR;
				CLANG_WARN_DOCUMENTATION_COMMENTS = YES;
				CLANG_WARN_EMPTY_BODY = YES;
				CLANG_WARN_ENUM_CONVERSION = YES;
				CLANG_WARN_INFINITE_RECURSION = YES;
				CLANG_WARN_INT_CONVERSION = YES;
				CLANG_WARN_NON_LITERAL_NULL_CONVERSION = YES;
				CLANG_WARN_OBJC_IMPLICIT_RETAIN_SELF = YES;
				CLANG_WARN_OBJC_LITERAL_CONVERSION = YES;
				CLANG_WARN_OBJC_ROOT_CLASS = YES_ERROR;
				CLANG_WARN_QUOTED_INCLUDE_IN_FRAMEWORK_HEADER = YES;
				CLANG_WARN_RANGE_LOOP_ANALYSIS = YES;
				CLANG_WARN_STRICT_PROTOTYPES = YES;
				CLANG_WARN_SUSPICIOUS_MOVE = YES;
				CLANG_WARN_UNGUARDED_AVAILABILITY = YES_AGGRESSIVE;
				CLANG_WARN_UNREACHABLE_CODE = YES;
				CLANG_WARN__DUPLICATE_METHOD_MATCH = YES;
				COPY_PHASE_STRIP = NO;
				DEBUG_INFORMATION_FORMAT = dwarf;
				ENABLE_STRICT_OBJC_MSGSEND = YES;
				ENABLE_TESTABILITY = YES;
				GCC_C_LANGUAGE_STANDARD = gnu11;
				GCC_DYNAMIC_NO_PIC = NO;
				GCC_NO_COMMON_BLOCKS = YES;
				GCC_OPTIMIZATION_LEVEL = 0;
				GCC_PREPROCESSOR_DEFINITIONS = (
					"DEBUG=1",
					"$(inherited)",
				);
				GCC_WARN_64_TO_32_BIT_CONVERSION = YES;
				GCC_WARN_ABOUT_RETURN_TYPE = YES_ERROR;
				GCC_WARN_UNDECLARED_SELECTOR = YES;
				GCC_WARN_UNINITIALIZED_AUTOS = YES_AGGRESSIVE;
				GCC_WARN_UNUSED_FUNCTION = YES;
				GCC_WARN_UNUSED_VARIABLE = YES;
				IPHONEOS_DEPLOYMENT_TARGET = 14.5;
				MTL_ENABLE_DEBUG_INFO = INCLUDE_SOURCE;
				MTL_FAST_MATH = YES;
				ONLY_ACTIVE_ARCH = YES;
				SDKROOT = iphoneos;
				SWIFT_ACTIVE_COMPILATION_CONDITIONS = DEBUG;
				SWIFT_OPTIMIZATION_LEVEL = "-Onone";
			};
			name = Debug;
		};
		68D64DDA2666B25C001079F9 /* Release */ = {
			isa = XCBuildConfiguration;
			buildSettings = {
				ALWAYS_SEARCH_USER_PATHS = NO;
				CLANG_ANALYZER_NONNULL = YES;
				CLANG_ANALYZER_NUMBER_OBJECT_CONVERSION = YES_AGGRESSIVE;
				CLANG_CXX_LANGUAGE_STANDARD = "gnu++14";
				CLANG_CXX_LIBRARY = "libc++";
				CLANG_ENABLE_MODULES = YES;
				CLANG_ENABLE_OBJC_ARC = YES;
				CLANG_ENABLE_OBJC_WEAK = YES;
				CLANG_WARN_BLOCK_CAPTURE_AUTORELEASING = YES;
				CLANG_WARN_BOOL_CONVERSION = YES;
				CLANG_WARN_COMMA = YES;
				CLANG_WARN_CONSTANT_CONVERSION = YES;
				CLANG_WARN_DEPRECATED_OBJC_IMPLEMENTATIONS = YES;
				CLANG_WARN_DIRECT_OBJC_ISA_USAGE = YES_ERROR;
				CLANG_WARN_DOCUMENTATION_COMMENTS = YES;
				CLANG_WARN_EMPTY_BODY = YES;
				CLANG_WARN_ENUM_CONVERSION = YES;
				CLANG_WARN_INFINITE_RECURSION = YES;
				CLANG_WARN_INT_CONVERSION = YES;
				CLANG_WARN_NON_LITERAL_NULL_CONVERSION = YES;
				CLANG_WARN_OBJC_IMPLICIT_RETAIN_SELF = YES;
				CLANG_WARN_OBJC_LITERAL_CONVERSION = YES;
				CLANG_WARN_OBJC_ROOT_CLASS = YES_ERROR;
				CLANG_WARN_QUOTED_INCLUDE_IN_FRAMEWORK_HEADER = YES;
				CLANG_WARN_RANGE_LOOP_ANALYSIS = YES;
				CLANG_WARN_STRICT_PROTOTYPES = YES;
				CLANG_WARN_SUSPICIOUS_MOVE = YES;
				CLANG_WARN_UNGUARDED_AVAILABILITY = YES_AGGRESSIVE;
				CLANG_WARN_UNREACHABLE_CODE = YES;
				CLANG_WARN__DUPLICATE_METHOD_MATCH = YES;
				COPY_PHASE_STRIP = NO;
				DEBUG_INFORMATION_FORMAT = "dwarf-with-dsym";
				ENABLE_NS_ASSERTIONS = NO;
				ENABLE_STRICT_OBJC_MSGSEND = YES;
				GCC_C_LANGUAGE_STANDARD = gnu11;
				GCC_NO_COMMON_BLOCKS = YES;
				GCC_WARN_64_TO_32_BIT_CONVERSION = YES;
				GCC_WARN_ABOUT_RETURN_TYPE = YES_ERROR;
				GCC_WARN_UNDECLARED_SELECTOR = YES;
				GCC_WARN_UNINITIALIZED_AUTOS = YES_AGGRESSIVE;
				GCC_WARN_UNUSED_FUNCTION = YES;
				GCC_WARN_UNUSED_VARIABLE = YES;
				IPHONEOS_DEPLOYMENT_TARGET = 14.5;
				MTL_ENABLE_DEBUG_INFO = NO;
				MTL_FAST_MATH = YES;
				SDKROOT = iphoneos;
				SWIFT_COMPILATION_MODE = wholemodule;
				SWIFT_OPTIMIZATION_LEVEL = "-O";
				VALIDATE_PRODUCT = YES;
			};
			name = Release;
		};
		68D64DDC2666B25C001079F9 /* Debug */ = {
			isa = XCBuildConfiguration;
			buildSettings = {
				ASSETCATALOG_COMPILER_APPICON_NAME = AppIcon;
				ASSETCATALOG_COMPILER_GLOBAL_ACCENT_COLOR_NAME = AccentColor;
				CODE_SIGN_STYLE = Automatic;
				DEVELOPMENT_ASSET_PATHS = "\"GuessMyNumber/Preview Content\"";
				DEVELOPMENT_TEAM = 4U2DW67G88;
				ENABLE_PREVIEWS = YES;
				INFOPLIST_FILE = GuessMyNumber/App/Info.plist;
				IPHONEOS_DEPLOYMENT_TARGET = 14.0;
				LD_RUNPATH_SEARCH_PATHS = (
					"$(inherited)",
					"@executable_path/Frameworks",
				);
				PRODUCT_BUNDLE_IDENTIFIER = com.bogdanov.guessnumber.GuessMyNumber;
				PRODUCT_NAME = "$(TARGET_NAME)";
				SWIFT_VERSION = 5.0;
				TARGETED_DEVICE_FAMILY = "1,2";
			};
			name = Debug;
		};
		68D64DDD2666B25C001079F9 /* Release */ = {
			isa = XCBuildConfiguration;
			buildSettings = {
				ASSETCATALOG_COMPILER_APPICON_NAME = AppIcon;
				ASSETCATALOG_COMPILER_GLOBAL_ACCENT_COLOR_NAME = AccentColor;
				CODE_SIGN_STYLE = Automatic;
				DEVELOPMENT_ASSET_PATHS = "\"GuessMyNumber/Preview Content\"";
				DEVELOPMENT_TEAM = 4U2DW67G88;
				ENABLE_PREVIEWS = YES;
				INFOPLIST_FILE = GuessMyNumber/App/Info.plist;
				IPHONEOS_DEPLOYMENT_TARGET = 14.0;
				LD_RUNPATH_SEARCH_PATHS = (
					"$(inherited)",
					"@executable_path/Frameworks",
				);
				PRODUCT_BUNDLE_IDENTIFIER = com.bogdanov.guessnumber.GuessMyNumber;
				PRODUCT_NAME = "$(TARGET_NAME)";
				SWIFT_VERSION = 5.0;
				TARGETED_DEVICE_FAMILY = "1,2";
			};
			name = Release;
		};
/* End XCBuildConfiguration section */

/* Begin XCConfigurationList section */
		6815244B266D3484009608E1 /* Build configuration list for PBXNativeTarget "GuessMyNumberTests" */ = {
			isa = XCConfigurationList;
			buildConfigurations = (
				6815244C266D3484009608E1 /* Debug */,
				6815244D266D3484009608E1 /* Release */,
			);
			defaultConfigurationIsVisible = 0;
			defaultConfigurationName = Release;
		};
		68D64DC72666B259001079F9 /* Build configuration list for PBXProject "GuessMyNumber" */ = {
			isa = XCConfigurationList;
			buildConfigurations = (
				68D64DD92666B25C001079F9 /* Debug */,
				68D64DDA2666B25C001079F9 /* Release */,
			);
			defaultConfigurationIsVisible = 0;
			defaultConfigurationName = Release;
		};
		68D64DDB2666B25C001079F9 /* Build configuration list for PBXNativeTarget "GuessMyNumber" */ = {
			isa = XCConfigurationList;
			buildConfigurations = (
				68D64DDC2666B25C001079F9 /* Debug */,
				68D64DDD2666B25C001079F9 /* Release */,
			);
			defaultConfigurationIsVisible = 0;
			defaultConfigurationName = Release;
		};
/* End XCConfigurationList section */
	};
	rootObject = 68D64DC42666B259001079F9 /* Project object */;
}
